// !$*UTF8*$!
{
	archiveVersion = 1;
	classes = {
	};
	objectVersion = 46;
	objects = {

/* Begin PBXBuildFile section */
		EDEEF7A91E2E0B63003FBAA1 /* main.m in Sources */ = {isa = PBXBuildFile; fileRef = EDEEF7A81E2E0B63003FBAA1 /* main.m */; };
		EDEEF7B11E2E0B89003FBAA1 /* Figure.m in Sources */ = {isa = PBXBuildFile; fileRef = EDEEF7B01E2E0B89003FBAA1 /* Figure.m */; };
		EDEEF7B41E2E0B9E003FBAA1 /* Circle.m in Sources */ = {isa = PBXBuildFile; fileRef = EDEEF7B31E2E0B9E003FBAA1 /* Circle.m */; };
		EDEEF7B71E2E0BA9003FBAA1 /* Rectangle.m in Sources */ = {isa = PBXBuildFile; fileRef = EDEEF7B61E2E0BA9003FBAA1 /* Rectangle.m */; };
		EDEEF7BA1E2E0BC0003FBAA1 /* Ellipse.m in Sources */ = {isa = PBXBuildFile; fileRef = EDEEF7B91E2E0BC0003FBAA1 /* Ellipse.m */; };
		EDEEF7BC1E2E3B9E003FBAA1 /* main.m in Sources */ = {isa = PBXBuildFile; fileRef = EDEEF7BB1E2E3B9E003FBAA1 /* main.m */; };
/* End PBXBuildFile section */

/* Begin PBXCopyFilesBuildPhase section */
		EDEEF7A31E2E0B63003FBAA1 /* CopyFiles */ = {
			isa = PBXCopyFilesBuildPhase;
			buildActionMask = 2147483647;
			dstPath = /usr/share/man/man1/;
			dstSubfolderSpec = 0;
			files = (
			);
			runOnlyForDeploymentPostprocessing = 1;
		};
/* End PBXCopyFilesBuildPhase section */

/* Begin PBXFileReference section */
		EDEEF7A51E2E0B63003FBAA1 /* Lesson_04 */ = {isa = PBXFileReference; explicitFileType = "compiled.mach-o.executable"; includeInIndex = 0; path = Lesson_04; sourceTree = BUILT_PRODUCTS_DIR; };
		EDEEF7A81E2E0B63003FBAA1 /* main.m */ = {isa = PBXFileReference; lastKnownFileType = sourcecode.c.objc; path = main.m; sourceTree = "<group>"; };
		EDEEF7AF1E2E0B89003FBAA1 /* Figure.h */ = {isa = PBXFileReference; fileEncoding = 4; lastKnownFileType = sourcecode.c.h; path = Figure.h; sourceTree = "<group>"; };
		EDEEF7B01E2E0B89003FBAA1 /* Figure.m */ = {isa = PBXFileReference; fileEncoding = 4; lastKnownFileType = sourcecode.c.objc; path = Figure.m; sourceTree = "<group>"; };
		EDEEF7B21E2E0B9E003FBAA1 /* Circle.h */ = {isa = PBXFileReference; fileEncoding = 4; lastKnownFileType = sourcecode.c.h; path = Circle.h; sourceTree = "<group>"; };
		EDEEF7B31E2E0B9E003FBAA1 /* Circle.m */ = {isa = PBXFileReference; fileEncoding = 4; lastKnownFileType = sourcecode.c.objc; path = Circle.m; sourceTree = "<group>"; };
		EDEEF7B51E2E0BA9003FBAA1 /* Rectangle.h */ = {isa = PBXFileReference; fileEncoding = 4; lastKnownFileType = sourcecode.c.h; path = Rectangle.h; sourceTree = "<group>"; };
		EDEEF7B61E2E0BA9003FBAA1 /* Rectangle.m */ = {isa = PBXFileReference; fileEncoding = 4; lastKnownFileType = sourcecode.c.objc; path = Rectangle.m; sourceTree = "<group>"; };
		EDEEF7B81E2E0BC0003FBAA1 /* Ellipse.h */ = {isa = PBXFileReference; fileEncoding = 4; lastKnownFileType = sourcecode.c.h; path = Ellipse.h; sourceTree = "<group>"; };
		EDEEF7B91E2E0BC0003FBAA1 /* Ellipse.m */ = {isa = PBXFileReference; fileEncoding = 4; lastKnownFileType = sourcecode.c.objc; path = Ellipse.m; sourceTree = "<group>"; };
		EDEEF7BB1E2E3B9E003FBAA1 /* main.m */ = {isa = PBXFileReference; fileEncoding = 4; lastKnownFileType = sourcecode.c.objc; name = main.m; path = ../../../../../CloudMailRu/main.m; sourceTree = "<group>"; };
/* End PBXFileReference section */

/* Begin PBXFrameworksBuildPhase section */
		EDEEF7A21E2E0B63003FBAA1 /* Frameworks */ = {
			isa = PBXFrameworksBuildPhase;
			buildActionMask = 2147483647;
			files = (
			);
			runOnlyForDeploymentPostprocessing = 0;
		};
/* End PBXFrameworksBuildPhase section */

/* Begin PBXGroup section */
		EDEEF79C1E2E0B63003FBAA1 = {
			isa = PBXGroup;
			children = (
				EDEEF7A71E2E0B63003FBAA1 /* Lesson_04 */,
				EDEEF7A61E2E0B63003FBAA1 /* Products */,
			);
			sourceTree = "<group>";
		};
		EDEEF7A61E2E0B63003FBAA1 /* Products */ = {
			isa = PBXGroup;
			children = (
				EDEEF7A51E2E0B63003FBAA1 /* Lesson_04 */,
			);
			name = Products;
			sourceTree = "<group>";
		};
		EDEEF7A71E2E0B63003FBAA1 /* Lesson_04 */ = {
			isa = PBXGroup;
			children = (
				EDEEF7A81E2E0B63003FBAA1 /* main.m */,
				EDEEF7BB1E2E3B9E003FBAA1 /* main.m */,
				EDEEF7AF1E2E0B89003FBAA1 /* Figure.h */,
				EDEEF7B01E2E0B89003FBAA1 /* Figure.m */,
				EDEEF7B21E2E0B9E003FBAA1 /* Circle.h */,
				EDEEF7B31E2E0B9E003FBAA1 /* Circle.m */,
				EDEEF7B51E2E0BA9003FBAA1 /* Rectangle.h */,
				EDEEF7B61E2E0BA9003FBAA1 /* Rectangle.m */,
				EDEEF7B81E2E0BC0003FBAA1 /* Ellipse.h */,
				EDEEF7B91E2E0BC0003FBAA1 /* Ellipse.m */,
			);
			path = Lesson_04;
			sourceTree = "<group>";
		};
/* End PBXGroup section */

/* Begin PBXNativeTarget section */
		EDEEF7A41E2E0B63003FBAA1 /* Lesson_04 */ = {
			isa = PBXNativeTarget;
			buildConfigurationList = EDEEF7AC1E2E0B63003FBAA1 /* Build configuration list for PBXNativeTarget "Lesson_04" */;
			buildPhases = (
				EDEEF7A11E2E0B63003FBAA1 /* Sources */,
				EDEEF7A21E2E0B63003FBAA1 /* Frameworks */,
				EDEEF7A31E2E0B63003FBAA1 /* CopyFiles */,
			);
			buildRules = (
			);
			dependencies = (
			);
			name = Lesson_04;
			productName = Lesson_04;
			productReference = EDEEF7A51E2E0B63003FBAA1 /* Lesson_04 */;
			productType = "com.apple.product-type.tool";
		};
/* End PBXNativeTarget section */

/* Begin PBXProject section */
		EDEEF79D1E2E0B63003FBAA1 /* Project object */ = {
			isa = PBXProject;
			attributes = {
				LastUpgradeCheck = 0820;
				ORGANIZATIONNAME = "Кирилл Кочемасов";
				TargetAttributes = {
					EDEEF7A41E2E0B63003FBAA1 = {
						CreatedOnToolsVersion = 8.2.1;
						ProvisioningStyle = Automatic;
					};
				};
			};
			buildConfigurationList = EDEEF7A01E2E0B63003FBAA1 /* Build configuration list for PBXProject "Lesson_04" */;
			compatibilityVersion = "Xcode 3.2";
			developmentRegion = English;
			hasScannedForEncodings = 0;
			knownRegions = (
				en,
			);
			mainGroup = EDEEF79C1E2E0B63003FBAA1;
			productRefGroup = EDEEF7A61E2E0B63003FBAA1 /* Products */;
			projectDirPath = "";
			projectRoot = "";
			targets = (
				EDEEF7A41E2E0B63003FBAA1 /* Lesson_04 */,
			);
		};
/* End PBXProject section */

/* Begin PBXSourcesBuildPhase section */
		EDEEF7A11E2E0B63003FBAA1 /* Sources */ = {
			isa = PBXSourcesBuildPhase;
			buildActionMask = 2147483647;
			files = (
				EDEEF7BA1E2E0BC0003FBAA1 /* Ellipse.m in Sources */,
				EDEEF7B41E2E0B9E003FBAA1 /* Circle.m in Sources */,
				EDEEF7A91E2E0B63003FBAA1 /* main.m in Sources */,
				EDEEF7B11E2E0B89003FBAA1 /* Figure.m in Sources */,
				EDEEF7BC1E2E3B9E003FBAA1 /* main.m in Sources */,
				EDEEF7B71E2E0BA9003FBAA1 /* Rectangle.m in Sources */,
			);
			runOnlyForDeploymentPostprocessing = 0;
		};
/* End PBXSourcesBuildPhase section */

/* Begin XCBuildConfiguration section */
		EDEEF7AA1E2E0B63003FBAA1 /* Debug */ = {
			isa = XCBuildConfiguration;
			buildSettings = {
				ALWAYS_SEARCH_USER_PATHS = NO;
				CLANG_ANALYZER_NONNULL = YES;
				CLANG_CXX_LANGUAGE_STANDARD = "gnu++0x";
				CLANG_CXX_LIBRARY = "libc++";
				CLANG_ENABLE_MODULES = YES;
				CLANG_ENABLE_OBJC_ARC = YES;
				CLANG_WARN_BOOL_CONVERSION = YES;
				CLANG_WARN_CONSTANT_CONVERSION = YES;
				CLANG_WARN_DIRECT_OBJC_ISA_USAGE = YES_ERROR;
				CLANG_WARN_DOCUMENTATION_COMMENTS = YES;
				CLANG_WARN_EMPTY_BODY = YES;
				CLANG_WARN_ENUM_CONVERSION = YES;
				CLANG_WARN_INFINITE_RECURSION = YES;
				CLANG_WARN_INT_CONVERSION = YES;
				CLANG_WARN_OBJC_ROOT_CLASS = YES_ERROR;
				CLANG_WARN_SUSPICIOUS_MOVE = YES;
				CLANG_WARN_UNREACHABLE_CODE = YES;
				CLANG_WARN__DUPLICATE_METHOD_MATCH = YES;
				CODE_SIGN_IDENTITY = "-";
				COPY_PHASE_STRIP = NO;
				DEBUG_INFORMATION_FORMAT = dwarf;
				ENABLE_STRICT_OBJC_MSGSEND = YES;
				ENABLE_TESTABILITY = YES;
				GCC_C_LANGUAGE_STANDARD = gnu99;
				GCC_DYNAMIC_NO_PIC = NO;
				GCC_NO_COMMON_BLOCKS = YES;
				GCC_OPTIMIZATION_LEVEL = 0;
				GCC_PREPROCESSOR_DEFINITIONS = (
					"DEBUG=1",
					"$(inherited)",
				);
				GCC_WARN_64_TO_32_BIT_CONVERSION = YES;
				GCC_WARN_ABOUT_RETURN_TYPE = YES_ERROR;
				GCC_WARN_UNDECLARED_SELECTOR = YES;
				GCC_WARN_UNINITIALIZED_AUTOS = YES_AGGRESSIVE;
				GCC_WARN_UNUSED_FUNCTION = YES;
				GCC_WARN_UNUSED_VARIABLE = YES;
				MACOSX_DEPLOYMENT_TARGET = 10.12;
				MTL_ENABLE_DEBUG_INFO = YES;
				ONLY_ACTIVE_ARCH = YES;
				SDKROOT = macosx;
			};
			name = Debug;
		};
		EDEEF7AB1E2E0B63003FBAA1 /* Release */ = {
			isa = XCBuildConfiguration;
			buildSettings = {
				ALWAYS_SEARCH_USER_PATHS = NO;
				CLANG_ANALYZER_NONNULL = YES;
				CLANG_CXX_LANGUAGE_STANDARD = "gnu++0x";
				CLANG_CXX_LIBRARY = "libc++";
				CLANG_ENABLE_MODULES = YES;
				CLANG_ENABLE_OBJC_ARC = YES;
				CLANG_WARN_BOOL_CONVERSION = YES;
				CLANG_WARN_CONSTANT_CONVERSION = YES;
				CLANG_WARN_DIRECT_OBJC_ISA_USAGE = YES_ERROR;
				CLANG_WARN_DOCUMENTATION_COMMENTS = YES;
				CLANG_WARN_EMPTY_BODY = YES;
				CLANG_WARN_ENUM_CONVERSION = YES;
				CLANG_WARN_INFINITE_RECURSION = YES;
				CLANG_WARN_INT_CONVERSION = YES;
				CLANG_WARN_OBJC_ROOT_CLASS = YES_ERROR;
				CLANG_WARN_SUSPICIOUS_MOVE = YES;
				CLANG_WARN_UNREACHABLE_CODE = YES;
				CLANG_WARN__DUPLICATE_METHOD_MATCH = YES;
				CODE_SIGN_IDENTITY = "-";
				COPY_PHASE_STRIP = NO;
				DEBUG_INFORMATION_FORMAT = "dwarf-with-dsym";
				ENABLE_NS_ASSERTIONS = NO;
				ENABLE_STRICT_OBJC_MSGSEND = YES;
				GCC_C_LANGUAGE_STANDARD = gnu99;
				GCC_NO_COMMON_BLOCKS = YES;
				GCC_WARN_64_TO_32_BIT_CONVERSION = YES;
				GCC_WARN_ABOUT_RETURN_TYPE = YES_ERROR;
				GCC_WARN_UNDECLARED_SELECTOR = YES;
				GCC_WARN_UNINITIALIZED_AUTOS = YES_AGGRESSIVE;
				GCC_WARN_UNUSED_FUNCTION = YES;
				GCC_WARN_UNUSED_VARIABLE = YES;
				MACOSX_DEPLOYMENT_TARGET = 10.12;
				MTL_ENABLE_DEBUG_INFO = NO;
				SDKROOT = macosx;
			};
			name = Release;
		};
		EDEEF7AD1E2E0B63003FBAA1 /* Debug */ = {
			isa = XCBuildConfiguration;
			buildSettings = {
				PRODUCT_NAME = "$(TARGET_NAME)";
			};
			name = Debug;
		};
		EDEEF7AE1E2E0B63003FBAA1 /* Release */ = {
			isa = XCBuildConfiguration;
			buildSettings = {
				PRODUCT_NAME = "$(TARGET_NAME)";
			};
			name = Release;
		};
/* End XCBuildConfiguration section */

/* Begin XCConfigurationList section */
		EDEEF7A01E2E0B63003FBAA1 /* Build configuration list for PBXProject "Lesson_04" */ = {
			isa = XCConfigurationList;
			buildConfigurations = (
				EDEEF7AA1E2E0B63003FBAA1 /* Debug */,
				EDEEF7AB1E2E0B63003FBAA1 /* Release */,
			);
			defaultConfigurationIsVisible = 0;
			defaultConfigurationName = Release;
		};
		EDEEF7AC1E2E0B63003FBAA1 /* Build configuration list for PBXNativeTarget "Lesson_04" */ = {
			isa = XCConfigurationList;
			buildConfigurations = (
				EDEEF7AD1E2E0B63003FBAA1 /* Debug */,
				EDEEF7AE1E2E0B63003FBAA1 /* Release */,
			);
			defaultConfigurationIsVisible = 0;
		};
/* End XCConfigurationList section */
	};
	rootObject = EDEEF79D1E2E0B63003FBAA1 /* Project object */;
}
